
Microsoft Visual Studio Solution File, Format Version 12.00
# Visual Studio 2017
Project("{FAE04EC0-301F-11D3-BF4B-00C04F79EFBC}") = "Castels-and-roads", "Castels-and-roads.csproj", "{676023FB-3585-E658-B6B2-02F6B54F72AF}"
EndProject
Global
	GlobalSection(SolutionConfigurationPlatforms) = preSolution
		Debug|Any CPU = Debug|Any CPU
		Release|Any CPU = Release|Any CPU
	EndGlobalSection
	GlobalSection(ProjectConfigurationPlatforms) = postSolution
		{676023FB-3585-E658-B6B2-02F6B54F72AF}.Debug|Any CPU.ActiveCfg = Debug|Any CPU
		{676023FB-3585-E658-B6B2-02F6B54F72AF}.Debug|Any CPU.Build.0 = Debug|Any CPU
		{676023FB-3585-E658-B6B2-02F6B54F72AF}.Release|Any CPU.ActiveCfg = Release|Any CPU
		{676023FB-3585-E658-B6B2-02F6B54F72AF}.Release|Any CPU.Build.0 = Release|Any CPU
	EndGlobalSection
	GlobalSection(SolutionProperties) = preSolution
		HideSolutionNode = FALSE
	EndGlobalSection
EndGlobal
