
Microsoft Visual Studio Solution File, Format Version 12.00
# Visual Studio 2015
Project("{FAE04EC0-301F-11D3-BF4B-00C04F79EFBC}") = "Castles and Roads.CSharp", "Castles and Roads.CSharp.csproj", "{C05818CD-6E37-ACED-8139-89624D48E518}"
EndProject
Global
	GlobalSection(SolutionConfigurationPlatforms) = preSolution
		Debug|Any CPU = Debug|Any CPU
		Release|Any CPU = Release|Any CPU
	EndGlobalSection
	GlobalSection(ProjectConfigurationPlatforms) = postSolution
		{C05818CD-6E37-ACED-8139-89624D48E518}.Debug|Any CPU.ActiveCfg = Debug|Any CPU
		{C05818CD-6E37-ACED-8139-89624D48E518}.Debug|Any CPU.Build.0 = Debug|Any CPU
		{C05818CD-6E37-ACED-8139-89624D48E518}.Release|Any CPU.ActiveCfg = Release|Any CPU
		{C05818CD-6E37-ACED-8139-89624D48E518}.Release|Any CPU.Build.0 = Release|Any CPU
	EndGlobalSection
	GlobalSection(SolutionProperties) = preSolution
		HideSolutionNode = FALSE
	EndGlobalSection
EndGlobal
